// !$*UTF8*$!
{
	archiveVersion = 1;
	classes = {
	};
	objectVersion = 56;
	objects = {

/* Begin PBXBuildFile section */
		54F2FA3E2B430B8D006D51C9 /* MarvelSquadApp.swift in Sources */ = {isa = PBXBuildFile; fileRef = 54F2FA3D2B430B8D006D51C9 /* MarvelSquadApp.swift */; };
		54F2FA402B430B8D006D51C9 /* ContentView.swift in Sources */ = {isa = PBXBuildFile; fileRef = 54F2FA3F2B430B8D006D51C9 /* ContentView.swift */; };
		54F2FA422B430B8E006D51C9 /* Assets.xcassets in Resources */ = {isa = PBXBuildFile; fileRef = 54F2FA412B430B8E006D51C9 /* Assets.xcassets */; };
		54F2FA452B430B8E006D51C9 /* Preview Assets.xcassets in Resources */ = {isa = PBXBuildFile; fileRef = 54F2FA442B430B8E006D51C9 /* Preview Assets.xcassets */; };
		54F2FA4F2B430B8E006D51C9 /* MarvelSquadTests.swift in Sources */ = {isa = PBXBuildFile; fileRef = 54F2FA4E2B430B8E006D51C9 /* MarvelSquadTests.swift */; };
		54F2FA592B430B8E006D51C9 /* MarvelSquadUITests.swift in Sources */ = {isa = PBXBuildFile; fileRef = 54F2FA582B430B8E006D51C9 /* MarvelSquadUITests.swift */; };
		54F2FA5B2B430B8E006D51C9 /* MarvelSquadUITestsLaunchTests.swift in Sources */ = {isa = PBXBuildFile; fileRef = 54F2FA5A2B430B8E006D51C9 /* MarvelSquadUITestsLaunchTests.swift */; };
		54F2FA722B43204F006D51C9 /* Router in Frameworks */ = {isa = PBXBuildFile; productRef = 54F2FA712B43204F006D51C9 /* Router */; };
		54F2FA772B432967006D51C9 /* MainTabView.swift in Sources */ = {isa = PBXBuildFile; fileRef = 54F2FA762B432967006D51C9 /* MainTabView.swift */; };
/* End PBXBuildFile section */

/* Begin PBXContainerItemProxy section */
		54F2FA4B2B430B8E006D51C9 /* PBXContainerItemProxy */ = {
			isa = PBXContainerItemProxy;
			containerPortal = 54F2FA322B430B8D006D51C9 /* Project object */;
			proxyType = 1;
			remoteGlobalIDString = 54F2FA392B430B8D006D51C9;
			remoteInfo = MarvelSquad;
		};
		54F2FA552B430B8E006D51C9 /* PBXContainerItemProxy */ = {
			isa = PBXContainerItemProxy;
			containerPortal = 54F2FA322B430B8D006D51C9 /* Project object */;
			proxyType = 1;
			remoteGlobalIDString = 54F2FA392B430B8D006D51C9;
			remoteInfo = MarvelSquad;
		};
/* End PBXContainerItemProxy section */

/* Begin PBXFileReference section */
		54F2FA3A2B430B8D006D51C9 /* MarvelSquad.app */ = {isa = PBXFileReference; explicitFileType = wrapper.application; includeInIndex = 0; path = MarvelSquad.app; sourceTree = BUILT_PRODUCTS_DIR; };
		54F2FA3D2B430B8D006D51C9 /* MarvelSquadApp.swift */ = {isa = PBXFileReference; lastKnownFileType = sourcecode.swift; path = MarvelSquadApp.swift; sourceTree = "<group>"; };
		54F2FA3F2B430B8D006D51C9 /* ContentView.swift */ = {isa = PBXFileReference; lastKnownFileType = sourcecode.swift; path = ContentView.swift; sourceTree = "<group>"; };
		54F2FA412B430B8E006D51C9 /* Assets.xcassets */ = {isa = PBXFileReference; lastKnownFileType = folder.assetcatalog; path = Assets.xcassets; sourceTree = "<group>"; };
		54F2FA442B430B8E006D51C9 /* Preview Assets.xcassets */ = {isa = PBXFileReference; lastKnownFileType = folder.assetcatalog; path = "Preview Assets.xcassets"; sourceTree = "<group>"; };
		54F2FA4A2B430B8E006D51C9 /* MarvelSquadTests.xctest */ = {isa = PBXFileReference; explicitFileType = wrapper.cfbundle; includeInIndex = 0; path = MarvelSquadTests.xctest; sourceTree = BUILT_PRODUCTS_DIR; };
		54F2FA4E2B430B8E006D51C9 /* MarvelSquadTests.swift */ = {isa = PBXFileReference; lastKnownFileType = sourcecode.swift; path = MarvelSquadTests.swift; sourceTree = "<group>"; };
		54F2FA542B430B8E006D51C9 /* MarvelSquadUITests.xctest */ = {isa = PBXFileReference; explicitFileType = wrapper.cfbundle; includeInIndex = 0; path = MarvelSquadUITests.xctest; sourceTree = BUILT_PRODUCTS_DIR; };
		54F2FA582B430B8E006D51C9 /* MarvelSquadUITests.swift */ = {isa = PBXFileReference; lastKnownFileType = sourcecode.swift; path = MarvelSquadUITests.swift; sourceTree = "<group>"; };
		54F2FA5A2B430B8E006D51C9 /* MarvelSquadUITestsLaunchTests.swift */ = {isa = PBXFileReference; lastKnownFileType = sourcecode.swift; path = MarvelSquadUITestsLaunchTests.swift; sourceTree = "<group>"; };
		54F2FA702B431C4E006D51C9 /* Router */ = {isa = PBXFileReference; lastKnownFileType = wrapper; path = Router; sourceTree = "<group>"; };
		54F2FA762B432967006D51C9 /* MainTabView.swift */ = {isa = PBXFileReference; lastKnownFileType = sourcecode.swift; path = MainTabView.swift; sourceTree = "<group>"; };
		54F2FA782B432A4B006D51C9 /* Network */ = {isa = PBXFileReference; lastKnownFileType = wrapper; path = Network; sourceTree = "<group>"; };
/* End PBXFileReference section */

/* Begin PBXFrameworksBuildPhase section */
		54F2FA372B430B8D006D51C9 /* Frameworks */ = {
			isa = PBXFrameworksBuildPhase;
			buildActionMask = 2147483647;
			files = (
				54F2FA722B43204F006D51C9 /* Router in Frameworks */,
			);
			runOnlyForDeploymentPostprocessing = 0;
		};
		54F2FA472B430B8E006D51C9 /* Frameworks */ = {
			isa = PBXFrameworksBuildPhase;
			buildActionMask = 2147483647;
			files = (
			);
			runOnlyForDeploymentPostprocessing = 0;
		};
		54F2FA512B430B8E006D51C9 /* Frameworks */ = {
			isa = PBXFrameworksBuildPhase;
			buildActionMask = 2147483647;
			files = (
			);
			runOnlyForDeploymentPostprocessing = 0;
		};
/* End PBXFrameworksBuildPhase section */

/* Begin PBXGroup section */
		54F2FA312B430B8D006D51C9 = {
			isa = PBXGroup;
			children = (
				54F2FA672B430C3B006D51C9 /* Foundation */,
				54F2FA3C2B430B8D006D51C9 /* MarvelSquad */,
				54F2FA4D2B430B8E006D51C9 /* MarvelSquadTests */,
				54F2FA572B430B8E006D51C9 /* MarvelSquadUITests */,
				54F2FA3B2B430B8D006D51C9 /* Products */,
				54F2FA692B430D3E006D51C9 /* Frameworks */,
			);
			sourceTree = "<group>";
		};
		54F2FA3B2B430B8D006D51C9 /* Products */ = {
			isa = PBXGroup;
			children = (
				54F2FA3A2B430B8D006D51C9 /* MarvelSquad.app */,
				54F2FA4A2B430B8E006D51C9 /* MarvelSquadTests.xctest */,
				54F2FA542B430B8E006D51C9 /* MarvelSquadUITests.xctest */,
			);
			name = Products;
			sourceTree = "<group>";
		};
		54F2FA3C2B430B8D006D51C9 /* MarvelSquad */ = {
			isa = PBXGroup;
			children = (
				54F2FA742B4320A0006D51C9 /* Presentation */,
				54F2FA732B43207C006D51C9 /* Application */,
				54F2FA412B430B8E006D51C9 /* Assets.xcassets */,
				54F2FA432B430B8E006D51C9 /* Preview Content */,
			);
			path = MarvelSquad;
			sourceTree = "<group>";
		};
		54F2FA432B430B8E006D51C9 /* Preview Content */ = {
			isa = PBXGroup;
			children = (
				54F2FA442B430B8E006D51C9 /* Preview Assets.xcassets */,
			);
			path = "Preview Content";
			sourceTree = "<group>";
		};
		54F2FA4D2B430B8E006D51C9 /* MarvelSquadTests */ = {
			isa = PBXGroup;
			children = (
				54F2FA4E2B430B8E006D51C9 /* MarvelSquadTests.swift */,
			);
			path = MarvelSquadTests;
			sourceTree = "<group>";
		};
		54F2FA572B430B8E006D51C9 /* MarvelSquadUITests */ = {
			isa = PBXGroup;
			children = (
				54F2FA582B430B8E006D51C9 /* MarvelSquadUITests.swift */,
				54F2FA5A2B430B8E006D51C9 /* MarvelSquadUITestsLaunchTests.swift */,
			);
			path = MarvelSquadUITests;
			sourceTree = "<group>";
		};
		54F2FA672B430C3B006D51C9 /* Foundation */ = {
			isa = PBXGroup;
			children = (
				54F2FA782B432A4B006D51C9 /* Network */,
				54F2FA702B431C4E006D51C9 /* Router */,
			);
			path = Foundation;
			sourceTree = "<group>";
		};
		54F2FA692B430D3E006D51C9 /* Frameworks */ = {
			isa = PBXGroup;
			children = (
			);
			name = Frameworks;
			sourceTree = "<group>";
		};
		54F2FA732B43207C006D51C9 /* Application */ = {
			isa = PBXGroup;
			children = (
				54F2FA3D2B430B8D006D51C9 /* MarvelSquadApp.swift */,
			);
			path = Application;
			sourceTree = "<group>";
		};
		54F2FA742B4320A0006D51C9 /* Presentation */ = {
			isa = PBXGroup;
			children = (
				54F2FA752B432941006D51C9 /* TabView */,
				54F2FA3F2B430B8D006D51C9 /* ContentView.swift */,
			);
			path = Presentation;
			sourceTree = "<group>";
		};
		54F2FA752B432941006D51C9 /* TabView */ = {
			isa = PBXGroup;
			children = (
				54F2FA762B432967006D51C9 /* MainTabView.swift */,
			);
			path = TabView;
			sourceTree = "<group>";
		};
/* End PBXGroup section */

/* Begin PBXNativeTarget section */
		54F2FA392B430B8D006D51C9 /* MarvelSquad */ = {
			isa = PBXNativeTarget;
			buildConfigurationList = 54F2FA5E2B430B8E006D51C9 /* Build configuration list for PBXNativeTarget "MarvelSquad" */;
			buildPhases = (
				54F2FA362B430B8D006D51C9 /* Sources */,
				54F2FA372B430B8D006D51C9 /* Frameworks */,
				54F2FA382B430B8D006D51C9 /* Resources */,
			);
			buildRules = (
			);
			dependencies = (
			);
			name = MarvelSquad;
			packageProductDependencies = (
				54F2FA712B43204F006D51C9 /* Router */,
			);
			productName = MarvelSquad;
			productReference = 54F2FA3A2B430B8D006D51C9 /* MarvelSquad.app */;
			productType = "com.apple.product-type.application";
		};
		54F2FA492B430B8E006D51C9 /* MarvelSquadTests */ = {
			isa = PBXNativeTarget;
			buildConfigurationList = 54F2FA612B430B8E006D51C9 /* Build configuration list for PBXNativeTarget "MarvelSquadTests" */;
			buildPhases = (
				54F2FA462B430B8E006D51C9 /* Sources */,
				54F2FA472B430B8E006D51C9 /* Frameworks */,
				54F2FA482B430B8E006D51C9 /* Resources */,
			);
			buildRules = (
			);
			dependencies = (
				54F2FA4C2B430B8E006D51C9 /* PBXTargetDependency */,
			);
			name = MarvelSquadTests;
			productName = MarvelSquadTests;
			productReference = 54F2FA4A2B430B8E006D51C9 /* MarvelSquadTests.xctest */;
			productType = "com.apple.product-type.bundle.unit-test";
		};
		54F2FA532B430B8E006D51C9 /* MarvelSquadUITests */ = {
			isa = PBXNativeTarget;
			buildConfigurationList = 54F2FA642B430B8E006D51C9 /* Build configuration list for PBXNativeTarget "MarvelSquadUITests" */;
			buildPhases = (
				54F2FA502B430B8E006D51C9 /* Sources */,
				54F2FA512B430B8E006D51C9 /* Frameworks */,
				54F2FA522B430B8E006D51C9 /* Resources */,
			);
			buildRules = (
			);
			dependencies = (
				54F2FA562B430B8E006D51C9 /* PBXTargetDependency */,
			);
			name = MarvelSquadUITests;
			productName = MarvelSquadUITests;
			productReference = 54F2FA542B430B8E006D51C9 /* MarvelSquadUITests.xctest */;
			productType = "com.apple.product-type.bundle.ui-testing";
		};
/* End PBXNativeTarget section */

/* Begin PBXProject section */
		54F2FA322B430B8D006D51C9 /* Project object */ = {
			isa = PBXProject;
			attributes = {
				BuildIndependentTargetsInParallel = 1;
				LastSwiftUpdateCheck = 1510;
				LastUpgradeCheck = 1510;
				TargetAttributes = {
					54F2FA392B430B8D006D51C9 = {
						CreatedOnToolsVersion = 15.1;
					};
					54F2FA492B430B8E006D51C9 = {
						CreatedOnToolsVersion = 15.1;
						TestTargetID = 54F2FA392B430B8D006D51C9;
					};
					54F2FA532B430B8E006D51C9 = {
						CreatedOnToolsVersion = 15.1;
						TestTargetID = 54F2FA392B430B8D006D51C9;
					};
				};
			};
			buildConfigurationList = 54F2FA352B430B8D006D51C9 /* Build configuration list for PBXProject "MarvelSquad" */;
			compatibilityVersion = "Xcode 14.0";
			developmentRegion = en;
			hasScannedForEncodings = 0;
			knownRegions = (
				en,
				Base,
			);
			mainGroup = 54F2FA312B430B8D006D51C9;
			productRefGroup = 54F2FA3B2B430B8D006D51C9 /* Products */;
			projectDirPath = "";
			projectRoot = "";
			targets = (
				54F2FA392B430B8D006D51C9 /* MarvelSquad */,
				54F2FA492B430B8E006D51C9 /* MarvelSquadTests */,
				54F2FA532B430B8E006D51C9 /* MarvelSquadUITests */,
			);
		};
/* End PBXProject section */

/* Begin PBXResourcesBuildPhase section */
		54F2FA382B430B8D006D51C9 /* Resources */ = {
			isa = PBXResourcesBuildPhase;
			buildActionMask = 2147483647;
			files = (
				54F2FA452B430B8E006D51C9 /* Preview Assets.xcassets in Resources */,
				54F2FA422B430B8E006D51C9 /* Assets.xcassets in Resources */,
			);
			runOnlyForDeploymentPostprocessing = 0;
		};
		54F2FA482B430B8E006D51C9 /* Resources */ = {
			isa = PBXResourcesBuildPhase;
			buildActionMask = 2147483647;
			files = (
			);
			runOnlyForDeploymentPostprocessing = 0;
		};
		54F2FA522B430B8E006D51C9 /* Resources */ = {
			isa = PBXResourcesBuildPhase;
			buildActionMask = 2147483647;
			files = (
			);
			runOnlyForDeploymentPostprocessing = 0;
		};
/* End PBXResourcesBuildPhase section */

/* Begin PBXSourcesBuildPhase section */
		54F2FA362B430B8D006D51C9 /* Sources */ = {
			isa = PBXSourcesBuildPhase;
			buildActionMask = 2147483647;
			files = (
				54F2FA402B430B8D006D51C9 /* ContentView.swift in Sources */,
				54F2FA3E2B430B8D006D51C9 /* MarvelSquadApp.swift in Sources */,
				54F2FA772B432967006D51C9 /* MainTabView.swift in Sources */,
			);
			runOnlyForDeploymentPostprocessing = 0;
		};
		54F2FA462B430B8E006D51C9 /* Sources */ = {
			isa = PBXSourcesBuildPhase;
			buildActionMask = 2147483647;
			files = (
				54F2FA4F2B430B8E006D51C9 /* MarvelSquadTests.swift in Sources */,
			);
			runOnlyForDeploymentPostprocessing = 0;
		};
		54F2FA502B430B8E006D51C9 /* Sources */ = {
			isa = PBXSourcesBuildPhase;
			buildActionMask = 2147483647;
			files = (
				54F2FA5B2B430B8E006D51C9 /* MarvelSquadUITestsLaunchTests.swift in Sources */,
				54F2FA592B430B8E006D51C9 /* MarvelSquadUITests.swift in Sources */,
			);
			runOnlyForDeploymentPostprocessing = 0;
		};
/* End PBXSourcesBuildPhase section */

/* Begin PBXTargetDependency section */
		54F2FA4C2B430B8E006D51C9 /* PBXTargetDependency */ = {
			isa = PBXTargetDependency;
			target = 54F2FA392B430B8D006D51C9 /* MarvelSquad */;
			targetProxy = 54F2FA4B2B430B8E006D51C9 /* PBXContainerItemProxy */;
		};
		54F2FA562B430B8E006D51C9 /* PBXTargetDependency */ = {
			isa = PBXTargetDependency;
			target = 54F2FA392B430B8D006D51C9 /* MarvelSquad */;
			targetProxy = 54F2FA552B430B8E006D51C9 /* PBXContainerItemProxy */;
		};
/* End PBXTargetDependency section */

/* Begin XCBuildConfiguration section */
		54F2FA5C2B430B8E006D51C9 /* Debug */ = {
			isa = XCBuildConfiguration;
			buildSettings = {
				ALWAYS_SEARCH_USER_PATHS = NO;
				ASSETCATALOG_COMPILER_GENERATE_SWIFT_ASSET_SYMBOL_EXTENSIONS = YES;
				CLANG_ANALYZER_NONNULL = YES;
				CLANG_ANALYZER_NUMBER_OBJECT_CONVERSION = YES_AGGRESSIVE;
				CLANG_CXX_LANGUAGE_STANDARD = "gnu++20";
				CLANG_ENABLE_MODULES = YES;
				CLANG_ENABLE_OBJC_ARC = YES;
				CLANG_ENABLE_OBJC_WEAK = YES;
				CLANG_WARN_BLOCK_CAPTURE_AUTORELEASING = YES;
				CLANG_WARN_BOOL_CONVERSION = YES;
				CLANG_WARN_COMMA = YES;
				CLANG_WARN_CONSTANT_CONVERSION = YES;
				CLANG_WARN_DEPRECATED_OBJC_IMPLEMENTATIONS = YES;
				CLANG_WARN_DIRECT_OBJC_ISA_USAGE = YES_ERROR;
				CLANG_WARN_DOCUMENTATION_COMMENTS = YES;
				CLANG_WARN_EMPTY_BODY = YES;
				CLANG_WARN_ENUM_CONVERSION = YES;
				CLANG_WARN_INFINITE_RECURSION = YES;
				CLANG_WARN_INT_CONVERSION = YES;
				CLANG_WARN_NON_LITERAL_NULL_CONVERSION = YES;
				CLANG_WARN_OBJC_IMPLICIT_RETAIN_SELF = YES;
				CLANG_WARN_OBJC_LITERAL_CONVERSION = YES;
				CLANG_WARN_OBJC_ROOT_CLASS = YES_ERROR;
				CLANG_WARN_QUOTED_INCLUDE_IN_FRAMEWORK_HEADER = YES;
				CLANG_WARN_RANGE_LOOP_ANALYSIS = YES;
				CLANG_WARN_STRICT_PROTOTYPES = YES;
				CLANG_WARN_SUSPICIOUS_MOVE = YES;
				CLANG_WARN_UNGUARDED_AVAILABILITY = YES_AGGRESSIVE;
				CLANG_WARN_UNREACHABLE_CODE = YES;
				CLANG_WARN__DUPLICATE_METHOD_MATCH = YES;
				COPY_PHASE_STRIP = NO;
				DEBUG_INFORMATION_FORMAT = dwarf;
				ENABLE_STRICT_OBJC_MSGSEND = YES;
				ENABLE_TESTABILITY = YES;
				ENABLE_USER_SCRIPT_SANDBOXING = YES;
				GCC_C_LANGUAGE_STANDARD = gnu17;
				GCC_DYNAMIC_NO_PIC = NO;
				GCC_NO_COMMON_BLOCKS = YES;
				GCC_OPTIMIZATION_LEVEL = 0;
				GCC_PREPROCESSOR_DEFINITIONS = (
					"DEBUG=1",
					"$(inherited)",
				);
				GCC_WARN_64_TO_32_BIT_CONVERSION = YES;
				GCC_WARN_ABOUT_RETURN_TYPE = YES_ERROR;
				GCC_WARN_UNDECLARED_SELECTOR = YES;
				GCC_WARN_UNINITIALIZED_AUTOS = YES_AGGRESSIVE;
				GCC_WARN_UNUSED_FUNCTION = YES;
				GCC_WARN_UNUSED_VARIABLE = YES;
				IPHONEOS_DEPLOYMENT_TARGET = 17.2;
				LOCALIZATION_PREFERS_STRING_CATALOGS = YES;
				MTL_ENABLE_DEBUG_INFO = INCLUDE_SOURCE;
				MTL_FAST_MATH = YES;
				ONLY_ACTIVE_ARCH = YES;
				SDKROOT = iphoneos;
				SWIFT_ACTIVE_COMPILATION_CONDITIONS = "DEBUG $(inherited)";
				SWIFT_OPTIMIZATION_LEVEL = "-Onone";
			};
			name = Debug;
		};
		54F2FA5D2B430B8E006D51C9 /* Release */ = {
			isa = XCBuildConfiguration;
			buildSettings = {
				ALWAYS_SEARCH_USER_PATHS = NO;
				ASSETCATALOG_COMPILER_GENERATE_SWIFT_ASSET_SYMBOL_EXTENSIONS = YES;
				CLANG_ANALYZER_NONNULL = YES;
				CLANG_ANALYZER_NUMBER_OBJECT_CONVERSION = YES_AGGRESSIVE;
				CLANG_CXX_LANGUAGE_STANDARD = "gnu++20";
				CLANG_ENABLE_MODULES = YES;
				CLANG_ENABLE_OBJC_ARC = YES;
				CLANG_ENABLE_OBJC_WEAK = YES;
				CLANG_WARN_BLOCK_CAPTURE_AUTORELEASING = YES;
				CLANG_WARN_BOOL_CONVERSION = YES;
				CLANG_WARN_COMMA = YES;
				CLANG_WARN_CONSTANT_CONVERSION = YES;
				CLANG_WARN_DEPRECATED_OBJC_IMPLEMENTATIONS = YES;
				CLANG_WARN_DIRECT_OBJC_ISA_USAGE = YES_ERROR;
				CLANG_WARN_DOCUMENTATION_COMMENTS = YES;
				CLANG_WARN_EMPTY_BODY = YES;
				CLANG_WARN_ENUM_CONVERSION = YES;
				CLANG_WARN_INFINITE_RECURSION = YES;
				CLANG_WARN_INT_CONVERSION = YES;
				CLANG_WARN_NON_LITERAL_NULL_CONVERSION = YES;
				CLANG_WARN_OBJC_IMPLICIT_RETAIN_SELF = YES;
				CLANG_WARN_OBJC_LITERAL_CONVERSION = YES;
				CLANG_WARN_OBJC_ROOT_CLASS = YES_ERROR;
				CLANG_WARN_QUOTED_INCLUDE_IN_FRAMEWORK_HEADER = YES;
				CLANG_WARN_RANGE_LOOP_ANALYSIS = YES;
				CLANG_WARN_STRICT_PROTOTYPES = YES;
				CLANG_WARN_SUSPICIOUS_MOVE = YES;
				CLANG_WARN_UNGUARDED_AVAILABILITY = YES_AGGRESSIVE;
				CLANG_WARN_UNREACHABLE_CODE = YES;
				CLANG_WARN__DUPLICATE_METHOD_MATCH = YES;
				COPY_PHASE_STRIP = NO;
				DEBUG_INFORMATION_FORMAT = "dwarf-with-dsym";
				ENABLE_NS_ASSERTIONS = NO;
				ENABLE_STRICT_OBJC_MSGSEND = YES;
				ENABLE_USER_SCRIPT_SANDBOXING = YES;
				GCC_C_LANGUAGE_STANDARD = gnu17;
				GCC_NO_COMMON_BLOCKS = YES;
				GCC_WARN_64_TO_32_BIT_CONVERSION = YES;
				GCC_WARN_ABOUT_RETURN_TYPE = YES_ERROR;
				GCC_WARN_UNDECLARED_SELECTOR = YES;
				GCC_WARN_UNINITIALIZED_AUTOS = YES_AGGRESSIVE;
				GCC_WARN_UNUSED_FUNCTION = YES;
				GCC_WARN_UNUSED_VARIABLE = YES;
				IPHONEOS_DEPLOYMENT_TARGET = 17.2;
				LOCALIZATION_PREFERS_STRING_CATALOGS = YES;
				MTL_ENABLE_DEBUG_INFO = NO;
				MTL_FAST_MATH = YES;
				SDKROOT = iphoneos;
				SWIFT_COMPILATION_MODE = wholemodule;
				VALIDATE_PRODUCT = YES;
			};
			name = Release;
		};
		54F2FA5F2B430B8E006D51C9 /* Debug */ = {
			isa = XCBuildConfiguration;
			buildSettings = {
				ASSETCATALOG_COMPILER_APPICON_NAME = AppIcon;
				ASSETCATALOG_COMPILER_GLOBAL_ACCENT_COLOR_NAME = AccentColor;
				CODE_SIGN_STYLE = Automatic;
				CURRENT_PROJECT_VERSION = 1;
				DEVELOPMENT_ASSET_PATHS = "\"MarvelSquad/Preview Content\"";
				ENABLE_PREVIEWS = YES;
				GENERATE_INFOPLIST_FILE = YES;
				INFOPLIST_KEY_UIApplicationSceneManifest_Generation = YES;
				INFOPLIST_KEY_UIApplicationSupportsIndirectInputEvents = YES;
				INFOPLIST_KEY_UILaunchScreen_Generation = YES;
				INFOPLIST_KEY_UISupportedInterfaceOrientations_iPad = "UIInterfaceOrientationPortrait UIInterfaceOrientationPortraitUpsideDown UIInterfaceOrientationLandscapeLeft UIInterfaceOrientationLandscapeRight";
				INFOPLIST_KEY_UISupportedInterfaceOrientations_iPhone = "UIInterfaceOrientationPortrait UIInterfaceOrientationLandscapeLeft UIInterfaceOrientationLandscapeRight";
				LD_RUNPATH_SEARCH_PATHS = (
					"$(inherited)",
					"@executable_path/Frameworks",
				);
				MARKETING_VERSION = 1.0;
				PRODUCT_BUNDLE_IDENTIFIER = serhan.khan.MarvelSquad;
				PRODUCT_NAME = "$(TARGET_NAME)";
				SWIFT_EMIT_LOC_STRINGS = YES;
				SWIFT_VERSION = 5.0;
				TARGETED_DEVICE_FAMILY = "1,2";
			};
			name = Debug;
		};
		54F2FA602B430B8E006D51C9 /* Release */ = {
			isa = XCBuildConfiguration;
			buildSettings = {
				ASSETCATALOG_COMPILER_APPICON_NAME = AppIcon;
				ASSETCATALOG_COMPILER_GLOBAL_ACCENT_COLOR_NAME = AccentColor;
				CODE_SIGN_STYLE = Automatic;
				CURRENT_PROJECT_VERSION = 1;
				DEVELOPMENT_ASSET_PATHS = "\"MarvelSquad/Preview Content\"";
				ENABLE_PREVIEWS = YES;
				GENERATE_INFOPLIST_FILE = YES;
				INFOPLIST_KEY_UIApplicationSceneManifest_Generation = YES;
				INFOPLIST_KEY_UIApplicationSupportsIndirectInputEvents = YES;
				INFOPLIST_KEY_UILaunchScreen_Generation = YES;
				INFOPLIST_KEY_UISupportedInterfaceOrientations_iPad = "UIInterfaceOrientationPortrait UIInterfaceOrientationPortraitUpsideDown UIInterfaceOrientationLandscapeLeft UIInterfaceOrientationLandscapeRight";
				INFOPLIST_KEY_UISupportedInterfaceOrientations_iPhone = "UIInterfaceOrientationPortrait UIInterfaceOrientationLandscapeLeft UIInterfaceOrientationLandscapeRight";
				LD_RUNPATH_SEARCH_PATHS = (
					"$(inherited)",
					"@executable_path/Frameworks",
				);
				MARKETING_VERSION = 1.0;
				PRODUCT_BUNDLE_IDENTIFIER = serhan.khan.MarvelSquad;
				PRODUCT_NAME = "$(TARGET_NAME)";
				SWIFT_EMIT_LOC_STRINGS = YES;
				SWIFT_VERSION = 5.0;
				TARGETED_DEVICE_FAMILY = "1,2";
			};
			name = Release;
		};
		54F2FA622B430B8E006D51C9 /* Debug */ = {
			isa = XCBuildConfiguration;
			buildSettings = {
				ALWAYS_EMBED_SWIFT_STANDARD_LIBRARIES = YES;
				BUNDLE_LOADER = "$(TEST_HOST)";
				CODE_SIGN_STYLE = Automatic;
				CURRENT_PROJECT_VERSION = 1;
				GENERATE_INFOPLIST_FILE = YES;
				IPHONEOS_DEPLOYMENT_TARGET = 17.2;
				MARKETING_VERSION = 1.0;
				PRODUCT_BUNDLE_IDENTIFIER = serhan.khan.MarvelSquadTests;
				PRODUCT_NAME = "$(TARGET_NAME)";
				SWIFT_EMIT_LOC_STRINGS = NO;
				SWIFT_VERSION = 5.0;
				TARGETED_DEVICE_FAMILY = "1,2";
				TEST_HOST = "$(BUILT_PRODUCTS_DIR)/MarvelSquad.app/$(BUNDLE_EXECUTABLE_FOLDER_PATH)/MarvelSquad";
			};
			name = Debug;
		};
		54F2FA632B430B8E006D51C9 /* Release */ = {
			isa = XCBuildConfiguration;
			buildSettings = {
				ALWAYS_EMBED_SWIFT_STANDARD_LIBRARIES = YES;
				BUNDLE_LOADER = "$(TEST_HOST)";
				CODE_SIGN_STYLE = Automatic;
				CURRENT_PROJECT_VERSION = 1;
				GENERATE_INFOPLIST_FILE = YES;
				IPHONEOS_DEPLOYMENT_TARGET = 17.2;
				MARKETING_VERSION = 1.0;
				PRODUCT_BUNDLE_IDENTIFIER = serhan.khan.MarvelSquadTests;
				PRODUCT_NAME = "$(TARGET_NAME)";
				SWIFT_EMIT_LOC_STRINGS = NO;
				SWIFT_VERSION = 5.0;
				TARGETED_DEVICE_FAMILY = "1,2";
				TEST_HOST = "$(BUILT_PRODUCTS_DIR)/MarvelSquad.app/$(BUNDLE_EXECUTABLE_FOLDER_PATH)/MarvelSquad";
			};
			name = Release;
		};
		54F2FA652B430B8E006D51C9 /* Debug */ = {
			isa = XCBuildConfiguration;
			buildSettings = {
				ALWAYS_EMBED_SWIFT_STANDARD_LIBRARIES = YES;
				CODE_SIGN_STYLE = Automatic;
				CURRENT_PROJECT_VERSION = 1;
				GENERATE_INFOPLIST_FILE = YES;
				MARKETING_VERSION = 1.0;
				PRODUCT_BUNDLE_IDENTIFIER = serhan.khan.MarvelSquadUITests;
				PRODUCT_NAME = "$(TARGET_NAME)";
				SWIFT_EMIT_LOC_STRINGS = NO;
				SWIFT_VERSION = 5.0;
				TARGETED_DEVICE_FAMILY = "1,2";
				TEST_TARGET_NAME = MarvelSquad;
			};
			name = Debug;
		};
		54F2FA662B430B8E006D51C9 /* Release */ = {
			isa = XCBuildConfiguration;
			buildSettings = {
				ALWAYS_EMBED_SWIFT_STANDARD_LIBRARIES = YES;
				CODE_SIGN_STYLE = Automatic;
				CURRENT_PROJECT_VERSION = 1;
				GENERATE_INFOPLIST_FILE = YES;
				MARKETING_VERSION = 1.0;
				PRODUCT_BUNDLE_IDENTIFIER = serhan.khan.MarvelSquadUITests;
				PRODUCT_NAME = "$(TARGET_NAME)";
				SWIFT_EMIT_LOC_STRINGS = NO;
				SWIFT_VERSION = 5.0;
				TARGETED_DEVICE_FAMILY = "1,2";
				TEST_TARGET_NAME = MarvelSquad;
			};
			name = Release;
		};
/* End XCBuildConfiguration section */

/* Begin XCConfigurationList section */
		54F2FA352B430B8D006D51C9 /* Build configuration list for PBXProject "MarvelSquad" */ = {
			isa = XCConfigurationList;
			buildConfigurations = (
				54F2FA5C2B430B8E006D51C9 /* Debug */,
				54F2FA5D2B430B8E006D51C9 /* Release */,
			);
			defaultConfigurationIsVisible = 0;
			defaultConfigurationName = Release;
		};
		54F2FA5E2B430B8E006D51C9 /* Build configuration list for PBXNativeTarget "MarvelSquad" */ = {
			isa = XCConfigurationList;
			buildConfigurations = (
				54F2FA5F2B430B8E006D51C9 /* Debug */,
				54F2FA602B430B8E006D51C9 /* Release */,
			);
			defaultConfigurationIsVisible = 0;
			defaultConfigurationName = Release;
		};
		54F2FA612B430B8E006D51C9 /* Build configuration list for PBXNativeTarget "MarvelSquadTests" */ = {
			isa = XCConfigurationList;
			buildConfigurations = (
				54F2FA622B430B8E006D51C9 /* Debug */,
				54F2FA632B430B8E006D51C9 /* Release */,
			);
			defaultConfigurationIsVisible = 0;
			defaultConfigurationName = Release;
		};
		54F2FA642B430B8E006D51C9 /* Build configuration list for PBXNativeTarget "MarvelSquadUITests" */ = {
			isa = XCConfigurationList;
			buildConfigurations = (
				54F2FA652B430B8E006D51C9 /* Debug */,
				54F2FA662B430B8E006D51C9 /* Release */,
			);
			defaultConfigurationIsVisible = 0;
			defaultConfigurationName = Release;
		};
/* End XCConfigurationList section */

/* Begin XCSwiftPackageProductDependency section */
		54F2FA712B43204F006D51C9 /* Router */ = {
			isa = XCSwiftPackageProductDependency;
			productName = Router;
		};
/* End XCSwiftPackageProductDependency section */
	};
	rootObject = 54F2FA322B430B8D006D51C9 /* Project object */;
}
